<?xml version="1.0" encoding="utf-8"?>
<Project ToolsVersion="4.0" xmlns="http://schemas.microsoft.com/developer/msbuild/2003">
  <ItemGroup>
    <Filter Include="Source Files">
      <UniqueIdentifier>{4FC737F1-C7A5-4376-A066-2A32D752A2FF}</UniqueIdentifier>
      <Extensions>cpp;c;cc;cxx;def;odl;idl;hpj;bat;asm;asmx</Extensions>
    </Filter>
    <Filter Include="Header Files">
      <UniqueIdentifier>{93995380-89BD-4b04-88EB-625FBE52EBFB}</UniqueIdentifier>
      <Extensions>h;hpp;hxx;hm;inl;inc;xsd</Extensions>
    </Filter>
    <Filter Include="Resource Files">
      <UniqueIdentifier>{67DA6AB6-F800-4c08-8B7A-83BB121AAD01}</UniqueIdentifier>
      <Extensions>rc;ico;cur;bmp;dlg;rc2;rct;bin;rgs;gif;jpg;jpeg;jpe;resx;tiff;tif;png;wav;mfcribbon-ms</Extensions>
    </Filter>
    <Filter Include="Source Files\dlls">
      <UniqueIdentifier>{a59f65b1-455f-459d-bc2a-75775255cd5c}</UniqueIdentifier>
    </Filter>
    <Filter Include="Source Files\pm_shared">
      <UniqueIdentifier>{7f184267-1d16-4bbc-9212-a804fcd04e6a}</UniqueIdentifier>
    </Filter>
    <Filter Include="Source Files\game_shared">
      <UniqueIdentifier>{9cd951c6-53c4-4c79-826f-13ac1af8a8b6}</UniqueIdentifier>
    </Filter>
    <Filter Include="Header Files\dlls">
      <UniqueIdentifier>{e3b69fef-bfa6-4270-8280-f2b25793ac4e}</UniqueIdentifier>
    </Filter>
    <Filter Include="Header Files\engine">
      <UniqueIdentifier>{b85e935a-5cc8-482d-b85f-6cdaa3452ccb}</UniqueIdentifier>
    </Filter>
    <Filter Include="Header Files\pm_shared">
      <UniqueIdentifier>{37941113-16fa-4ce0-9bdd-a72a1ced8902}</UniqueIdentifier>
    </Filter>
  </ItemGroup>
  <ItemGroup>
    <ClCompile Include="..\..\dlls\animating.cpp">
      <Filter>Source Files\dlls</Filter>
    </ClCompile>
    <ClCompile Include="..\..\dlls\animation.cpp">
      <Filter>Source Files\dlls</Filter>
    </ClCompile>
    <ClCompile Include="..\..\dlls\bmodels.cpp">
      <Filter>Source Files\dlls</Filter>
    </ClCompile>
    <ClCompile Include="..\..\dlls\buttons.cpp">
      <Filter>Source Files\dlls</Filter>
    </ClCompile>
    <ClCompile Include="..\..\dlls\cbase.cpp">
      <Filter>Source Files\dlls</Filter>
    </ClCompile>
    <ClCompile Include="..\..\dlls\client.cpp">
      <Filter>Source Files\dlls</Filter>
    </ClCompile>
    <ClCompile Include="..\..\dlls\combat.cpp">
      <Filter>Source Files\dlls</Filter>
    </ClCompile>
    <ClCompile Include="..\..\dlls\defaultai.cpp">
      <Filter>Source Files\dlls</Filter>
    </ClCompile>
    <ClCompile Include="..\..\dlls\doors.cpp">
      <Filter>Source Files\dlls</Filter>
    </ClCompile>
    <ClCompile Include="..\..\dlls\effects.cpp">
      <Filter>Source Files\dlls</Filter>
    </ClCompile>
    <ClCompile Include="..\..\dlls\explode.cpp">
      <Filter>Source Files\dlls</Filter>
    </ClCompile>
    <ClCompile Include="..\..\dlls\func_break.cpp">
      <Filter>Source Files\dlls</Filter>
    </ClCompile>
    <ClCompile Include="..\..\dlls\func_tank.cpp">
      <Filter>Source Files\dlls</Filter>
    </ClCompile>
    <ClCompile Include="..\..\dlls\game.cpp">
      <Filter>Source Files\dlls</Filter>
    </ClCompile>
    <ClCompile Include="..\..\dlls\gamerules.cpp">
      <Filter>Source Files\dlls</Filter>
    </ClCompile>
    <ClCompile Include="..\..\dlls\genericmonster.cpp">
      <Filter>Source Files\dlls</Filter>
    </ClCompile>
    <ClCompile Include="..\..\dlls\ggrenade.cpp">
      <Filter>Source Files\dlls</Filter>
    </ClCompile>
    <ClCompile Include="..\..\dlls\globals.cpp">
      <Filter>Source Files\dlls</Filter>
    </ClCompile>
    <ClCompile Include="..\..\dlls\h_ai.cpp">
      <Filter>Source Files\dlls</Filter>
    </ClCompile>
    <ClCompile Include="..\..\dlls\h_cine.cpp">
      <Filter>Source Files\dlls</Filter>
    </ClCompile>
    <ClCompile Include="..\..\dlls\h_cycler.cpp">
      <Filter>Source Files\dlls</Filter>
    </ClCompile>
    <ClCompile Include="..\..\dlls\h_export.cpp">
      <Filter>Source Files\dlls</Filter>
    </ClCompile>
    <ClCompile Include="..\..\dlls\monstermaker.cpp">
      <Filter>Source Files\dlls</Filter>
    </ClCompile>
    <ClCompile Include="..\..\dlls\items.cpp">
      <Filter>Source Files\dlls</Filter>
    </ClCompile>
    <ClCompile Include="..\..\dlls\lights.cpp">
      <Filter>Source Files\dlls</Filter>
    </ClCompile>
    <ClCompile Include="..\..\dlls\maprules.cpp">
      <Filter>Source Files\dlls</Filter>
    </ClCompile>
    <ClCompile Include="..\..\dlls\player.cpp">
      <Filter>Source Files\dlls</Filter>
    </ClCompile>
    <ClCompile Include="..\..\dlls\monsters.cpp">
      <Filter>Source Files\dlls</Filter>
    </ClCompile>
    <ClCompile Include="..\..\dlls\monsterstate.cpp">
      <Filter>Source Files\dlls</Filter>
    </ClCompile>
    <ClCompile Include="..\..\dlls\mortar.cpp">
      <Filter>Source Files\dlls</Filter>
    </ClCompile>
    <ClCompile Include="..\..\dlls\multiplay_gamerules.cpp">
      <Filter>Source Files\dlls</Filter>
    </ClCompile>
    <ClCompile Include="..\..\dlls\nodes.cpp">
      <Filter>Source Files\dlls</Filter>
    </ClCompile>
    <ClCompile Include="..\..\dlls\observer.cpp">
      <Filter>Source Files\dlls</Filter>
    </ClCompile>
    <ClCompile Include="..\..\dlls\pathcorner.cpp">
      <Filter>Source Files\dlls</Filter>
    </ClCompile>
    <ClCompile Include="..\..\dlls\plane.cpp">
      <Filter>Source Files\dlls</Filter>
    </ClCompile>
    <ClCompile Include="..\..\dlls\plats.cpp">
      <Filter>Source Files\dlls</Filter>
    </ClCompile>
    <ClCompile Include="..\..\pm_shared\pm_shared.c">
      <Filter>Source Files\pm_shared</Filter>
    </ClCompile>
    <ClCompile Include="..\..\pm_shared\pm_debug.c">
      <Filter>Source Files\pm_shared</Filter>
    </ClCompile>
    <ClCompile Include="..\..\pm_shared\pm_math.c">
      <Filter>Source Files\pm_shared</Filter>
    </ClCompile>
    <ClCompile Include="..\..\dlls\rat.cpp">
      <Filter>Source Files\dlls</Filter>
    </ClCompile>
    <ClCompile Include="..\..\dlls\schedule.cpp">
      <Filter>Source Files\dlls</Filter>
    </ClCompile>
    <ClCompile Include="..\..\dlls\scientist.cpp">
      <Filter>Source Files\dlls</Filter>
    </ClCompile>
    <ClCompile Include="..\..\dlls\scripted.cpp">
      <Filter>Source Files\dlls</Filter>
    </ClCompile>
    <ClCompile Include="..\..\dlls\singleplay_gamerules.cpp">
      <Filter>Source Files\dlls</Filter>
    </ClCompile>
    <ClCompile Include="..\..\dlls\skill.cpp">
      <Filter>Source Files\dlls</Filter>
    </ClCompile>
    <ClCompile Include="..\..\dlls\sound.cpp">
      <Filter>Source Files\dlls</Filter>
    </ClCompile>
    <ClCompile Include="..\..\dlls\soundent.cpp">
      <Filter>Source Files\dlls</Filter>
    </ClCompile>
    <ClCompile Include="..\..\dlls\spectator.cpp">
      <Filter>Source Files\dlls</Filter>
    </ClCompile>
    <ClCompile Include="..\..\dlls\squadmonster.cpp">
      <Filter>Source Files\dlls</Filter>
    </ClCompile>
    <ClCompile Include="..\..\dlls\subs.cpp">
      <Filter>Source Files\dlls</Filter>
    </ClCompile>
    <ClCompile Include="..\..\dlls\talkmonster.cpp">
      <Filter>Source Files\dlls</Filter>
    </ClCompile>
    <ClCompile Include="..\..\dlls\teamplay_gamerules.cpp">
      <Filter>Source Files\dlls</Filter>
    </ClCompile>
    <ClCompile Include="..\..\dlls\triggers.cpp">
      <Filter>Source Files\dlls</Filter>
    </ClCompile>
    <ClCompile Include="..\..\dlls\util.cpp">
      <Filter>Source Files\dlls</Filter>
    </ClCompile>
    <ClCompile Include="..\..\game_shared\voice_gamemgr.cpp">
      <Filter>Source Files\game_shared</Filter>
    </ClCompile>
    <ClCompile Include="..\..\dlls\zombie.cpp">
      <Filter>Source Files\dlls</Filter>
    </ClCompile>
    <ClCompile Include="..\..\dlls\weapons.cpp">
      <Filter>Source Files\dlls</Filter>
    </ClCompile>
    <ClCompile Include="..\..\dlls\world.cpp">
      <Filter>Source Files\dlls</Filter>
    </ClCompile>
    <ClCompile Include="..\..\dlls\hrp_player.cpp">
      <Filter>Source Files\dlls</Filter>
    </ClCompile>
    <ClCompile Include="..\..\dlls\hrp_monster_armorman.cpp">
      <Filter>Source Files\dlls</Filter>
    </ClCompile>
    <ClCompile Include="..\..\dlls\hrp_monster_udcop.cpp">
      <Filter>Source Files\dlls</Filter>
    </ClCompile>
    <ClCompile Include="..\..\dlls\hrp_monster_maskboy.cpp">
      <Filter>Source Files\dlls</Filter>
    </ClCompile>
    <ClCompile Include="..\..\dlls\hrp_monster_duck.cpp">
      <Filter>Source Files\dlls</Filter>
    </ClCompile>
    <ClCompile Include="..\..\dlls\hrp_monster_pig.cpp">
      <Filter>Source Files\dlls</Filter>
    </ClCompile>
    <ClCompile Include="..\..\dlls\hrp_monster_dog.cpp">
      <Filter>Source Files\dlls</Filter>
    </ClCompile>
    <ClCompile Include="..\..\dlls\hrp_weapon_debug.cpp">
      <Filter>Source Files\dlls</Filter>
    </ClCompile>
    <ClCompile Include="..\..\dlls\hrp_monster_baph.cpp">
      <Filter>Source Files\dlls</Filter>
    </ClCompile>
    <ClCompile Include="..\..\dlls\hrp_entity_doktor_dart.cpp">
      <Filter>Source Files\dlls</Filter>
    </ClCompile>
    <ClCompile Include="..\..\dlls\hrp_monster_doktor.cpp">
      <Filter>Source Files\dlls</Filter>
    </ClCompile>
    <ClCompile Include="..\..\dlls\hrp_monster_teddy.cpp">
      <Filter>Source Files\dlls</Filter>
    </ClCompile>
    <ClCompile Include="..\..\dlls\hrp_entity_huntsman_bolt.cpp">
      <Filter>Source Files\dlls</Filter>
    </ClCompile>
    <ClCompile Include="..\..\dlls\hrp_items.cpp">
      <Filter>Source Files\dlls</Filter>
    </ClCompile>
    <ClCompile Include="..\..\dlls\hrp_triggers.cpp">
      <Filter>Source Files\dlls</Filter>
    </ClCompile>
    <ClCompile Include="..\..\dlls\hrp_effects.cpp">
      <Filter>Source Files\dlls</Filter>
    </ClCompile>
    <ClCompile Include="..\..\dlls\hrp_weapon_colt.cpp">
      <Filter>Source Files\dlls</Filter>
    </ClCompile>
    <ClCompile Include="..\..\dlls\hrp_weapon_henry.cpp">
      <Filter>Source Files\dlls</Filter>
    </ClCompile>
    <ClCompile Include="..\..\dlls\hrp_weapon_shotgun.cpp">
      <Filter>Source Files\dlls</Filter>
    </ClCompile>
    <ClCompile Include="..\..\dlls\hrp_weapon_gatling.cpp">
      <Filter>Source Files\dlls</Filter>
    </ClCompile>
    <ClCompile Include="..\..\dlls\hrp_weapon_dynamite.cpp">
      <Filter>Source Files\dlls</Filter>
    </ClCompile>
    <ClCompile Include="..\..\dlls\hrp_monster_culthermit.cpp">
      <Filter>Source Files\dlls</Filter>
    </ClCompile>
    <ClCompile Include="..\..\dlls\hrp_monster_halfcat.cpp">
      <Filter>Source Files\dlls</Filter>
    </ClCompile>
    <ClCompile Include="..\..\dlls\hrp_monster_man.cpp">
      <Filter>Source Files\dlls</Filter>
    </ClCompile>
    <ClCompile Include="..\..\dlls\hrp_monster_publican.cpp">
      <Filter>Source Files\dlls</Filter>
    </ClCompile>
    <ClCompile Include="..\..\dlls\hrp_monster_trask.cpp">
      <Filter>Source Files\dlls</Filter>
    </ClCompile>
    <ClCompile Include="..\..\dlls\hrp_monster_upperclassman.cpp">
      <Filter>Source Files\dlls</Filter>
    </ClCompile>
    <ClCompile Include="..\..\dlls\hrp_monster_woman.cpp">
      <Filter>Source Files\dlls</Filter>
    </ClCompile>
    <ClCompile Include="..\..\dlls\hrp_monster_halfrats.cpp">
      <Filter>Source Files\dlls</Filter>
    </ClCompile>
    <ClCompile Include="..\..\dlls\hrp_monster_barnaby.cpp">
      <Filter>Source Files\dlls</Filter>
    </ClCompile>
    <ClCompile Include="..\..\dlls\hrp_monster_bear.cpp">
      <Filter>Source Files\dlls</Filter>
    </ClCompile>
    <ClCompile Include="..\..\dlls\hrp_monster_clown.cpp">
      <Filter>Source Files\dlls</Filter>
    </ClCompile>
    <ClCompile Include="..\..\dlls\hrp_monster_caleb.cpp">
      <Filter>Source Files\dlls</Filter>
    </ClCompile>
    <ClCompile Include="..\..\dlls\hrp_monster_bernard.cpp">
      <Filter>Source Files\dlls</Filter>
    </ClCompile>
    <ClCompile Include="..\..\dlls\hrp_entity_bernard_puke.cpp">
      <Filter>Source Files\dlls</Filter>
    </ClCompile>
    <ClCompile Include="..\..\dlls\hrp_monster_huntsman.cpp">
      <Filter>Source Files\dlls</Filter>
    </ClCompile>
    <ClCompile Include="..\..\dlls\hrp_monster_traskboss.cpp">
      <Filter>Source Files\dlls</Filter>
    </ClCompile>
    <ClCompile Include="..\..\dlls\hrp_weapon_saber.cpp">
      <Filter>Source Files\dlls</Filter>
    </ClCompile>
    <ClCompile Include="..\..\dlls\hrp_entity_ai_marker.cpp">
      <Filter>Source Files\dlls</Filter>
    </ClCompile>
    <ClCompile Include="..\..\dlls\hrp_weapon_halfcat.cpp">
      <Filter>Source Files\dlls</Filter>
    </ClCompile>
    <ClCompile Include="..\..\dlls\hrp_monster_halfcat_snark.cpp">
      <Filter>Source Files\dlls</Filter>
    </ClCompile>
    <ClCompile Include="..\..\dlls\hrp_entity_bow_arrow.cpp">
      <Filter>Source Files\dlls</Filter>
    </ClCompile>
    <ClCompile Include="..\..\dlls\hrp_weapon_bow.cpp">
      <Filter>Source Files\dlls</Filter>
    </ClCompile>
    <ClCompile Include="..\..\dlls\hrp_entity_baph_fire_ball.cpp">
      <Filter>Source Files\dlls</Filter>
    </ClCompile>
    <ClCompile Include="..\..\dlls\hrp_ammo_45.cpp">
      <Filter>Source Files\dlls</Filter>
    </ClCompile>
    <ClCompile Include="..\..\dlls\hrp_ammo_buckshot.cpp">
      <Filter>Source Files\dlls</Filter>
    </ClCompile>
    <ClCompile Include="..\..\dlls\hrp_ammo_dynamitebox.cpp">
      <Filter>Source Files\dlls</Filter>
    </ClCompile>
  </ItemGroup>
  <ItemGroup>
    <ClInclude Include="..\..\dlls\doors.h">
      <Filter>Header Files\dlls</Filter>
    </ClInclude>
    <ClInclude Include="..\..\dlls\activity.h">
      <Filter>Header Files\dlls</Filter>
    </ClInclude>
    <ClInclude Include="..\..\dlls\activitymap.h">
      <Filter>Header Files\dlls</Filter>
    </ClInclude>
    <ClInclude Include="..\..\dlls\animation.h">
      <Filter>Header Files\dlls</Filter>
    </ClInclude>
    <ClInclude Include="..\..\dlls\basemonster.h">
      <Filter>Header Files\dlls</Filter>
    </ClInclude>
    <ClInclude Include="..\..\dlls\cbase.h">
      <Filter>Header Files\dlls</Filter>
    </ClInclude>
    <ClInclude Include="..\..\dlls\cdll_dll.h">
      <Filter>Header Files\dlls</Filter>
    </ClInclude>
    <ClInclude Include="..\..\dlls\client.h">
      <Filter>Header Files\dlls</Filter>
    </ClInclude>
    <ClInclude Include="..\..\dlls\decals.h">
      <Filter>Header Files\dlls</Filter>
    </ClInclude>
    <ClInclude Include="..\..\dlls\defaultai.h">
      <Filter>Header Files\dlls</Filter>
    </ClInclude>
    <ClInclude Include="..\..\dlls\effects.h">
      <Filter>Header Files\dlls</Filter>
    </ClInclude>
    <ClInclude Include="..\..\engine\eiface.h">
      <Filter>Header Files\engine</Filter>
    </ClInclude>
    <ClInclude Include="..\..\dlls\enginecallback.h">
      <Filter>Header Files\dlls</Filter>
    </ClInclude>
    <ClInclude Include="..\..\dlls\explode.h">
      <Filter>Header Files\dlls</Filter>
    </ClInclude>
    <ClInclude Include="..\..\dlls\extdll.h">
      <Filter>Header Files\dlls</Filter>
    </ClInclude>
    <ClInclude Include="..\..\dlls\func_break.h">
      <Filter>Header Files\dlls</Filter>
    </ClInclude>
    <ClInclude Include="..\..\dlls\gamerules.h">
      <Filter>Header Files\dlls</Filter>
    </ClInclude>
    <ClInclude Include="..\..\dlls\player.h">
      <Filter>Header Files\dlls</Filter>
    </ClInclude>
    <ClInclude Include="..\..\dlls\items.h">
      <Filter>Header Files\dlls</Filter>
    </ClInclude>
    <ClInclude Include="..\..\dlls\monsterevent.h">
      <Filter>Header Files\dlls</Filter>
    </ClInclude>
    <ClInclude Include="..\..\dlls\monsters.h">
      <Filter>Header Files\dlls</Filter>
    </ClInclude>
    <ClInclude Include="..\..\dlls\nodes.h">
      <Filter>Header Files\dlls</Filter>
    </ClInclude>
    <ClInclude Include="..\..\dlls\plane.h">
      <Filter>Header Files\dlls</Filter>
    </ClInclude>
    <ClInclude Include="..\..\pm_shared\pm_shared.h">
      <Filter>Header Files\pm_shared</Filter>
    </ClInclude>
    <ClInclude Include="..\..\pm_shared\pm_debug.h">
      <Filter>Header Files\pm_shared</Filter>
    </ClInclude>
    <ClInclude Include="..\..\pm_shared\pm_defs.h">
      <Filter>Header Files\pm_shared</Filter>
    </ClInclude>
    <ClInclude Include="..\..\pm_shared\pm_info.h">
      <Filter>Header Files\pm_shared</Filter>
    </ClInclude>
    <ClInclude Include="..\..\pm_shared\pm_materials.h">
      <Filter>Header Files\pm_shared</Filter>
    </ClInclude>
    <ClInclude Include="..\..\pm_shared\pm_movevars.h">
      <Filter>Header Files\pm_shared</Filter>
    </ClInclude>
    <ClInclude Include="..\..\dlls\weapons.h">
      <Filter>Header Files\dlls</Filter>
    </ClInclude>
    <ClInclude Include="..\..\dlls\saverestore.h">
      <Filter>Header Files\dlls</Filter>
    </ClInclude>
    <ClInclude Include="..\..\dlls\schedule.h">
      <Filter>Header Files\dlls</Filter>
    </ClInclude>
    <ClInclude Include="..\..\dlls\scripted.h">
      <Filter>Header Files\dlls</Filter>
    </ClInclude>
    <ClInclude Include="..\..\dlls\scriptevent.h">
      <Filter>Header Files\dlls</Filter>
    </ClInclude>
    <ClInclude Include="..\..\dlls\skill.h">
      <Filter>Header Files\dlls</Filter>
    </ClInclude>
    <ClInclude Include="..\..\dlls\soundent.h">
      <Filter>Header Files\dlls</Filter>
    </ClInclude>
    <ClInclude Include="..\..\dlls\spectator.h">
      <Filter>Header Files\dlls</Filter>
    </ClInclude>
    <ClInclude Include="..\..\dlls\squadmonster.h">
      <Filter>Header Files\dlls</Filter>
    </ClInclude>
    <ClInclude Include="..\..\dlls\talkmonster.h">
      <Filter>Header Files\dlls</Filter>
    </ClInclude>
    <ClInclude Include="..\..\dlls\teamplay_gamerules.h">
      <Filter>Header Files\dlls</Filter>
    </ClInclude>
    <ClInclude Include="..\..\dlls\trains.h">
      <Filter>Header Files\dlls</Filter>
    </ClInclude>
    <ClInclude Include="..\..\dlls\util.h">
      <Filter>Header Files\dlls</Filter>
    </ClInclude>
    <ClInclude Include="..\..\dlls\vector.h">
      <Filter>Header Files\dlls</Filter>
    </ClInclude>
    <ClInclude Include="..\..\dlls\hrp_monster_base_shooter.h">
      <Filter>Header Files\dlls</Filter>
    </ClInclude>
    <ClInclude Include="..\..\dlls\zombie.h">
      <Filter>Header Files\dlls</Filter>
    </ClInclude>
    <ClInclude Include="..\..\dlls\hrp_entity_doktor_dart.h">
      <Filter>Header Files\dlls</Filter>
    </ClInclude>
    <ClInclude Include="..\..\dlls\hrp_entity_huntsman_bolt.h">
      <Filter>Header Files\dlls</Filter>
    </ClInclude>
    <ClInclude Include="..\..\dlls\hrp_triggers.h">
      <Filter>Header Files\dlls</Filter>
    </ClInclude>
    <ClInclude Include="..\..\dlls\hrp_effects.h">
      <Filter>Header Files\dlls</Filter>
    </ClInclude>
    <ClInclude Include="..\..\dlls\hrp_entity_bernard_puke.h">
      <Filter>Header Files\dlls</Filter>
    </ClInclude>
    <ClInclude Include="..\..\dlls\hrp_entity_ai_marker.h">
      <Filter>Header Files\dlls</Filter>
    </ClInclude>
    <ClInclude Include="..\..\dlls\hrp_entity_bow_arrow.h">
      <Filter>Header Files\dlls</Filter>
    </ClInclude>
    <ClInclude Include="..\..\dlls\hrp_entity_baph_fire_ball.h">
      <Filter>Header Files\dlls</Filter>
    </ClInclude>
    <ClInclude Include="..\..\dlls\hrp_ammo_45.h">
      <Filter>Header Files\dlls</Filter>
    </ClInclude>
    <ClInclude Include="..\..\dlls\hrp_ammo_buckshot.h">
      <Filter>Header Files\dlls</Filter>
    </ClInclude>
    <ClInclude Include="..\..\dlls\hrp_ammo_dynamitebox.h">
      <Filter>Header Files\dlls</Filter>
    </ClInclude>
    <ClInclude Include="..\..\dlls\hrp_weapon_colt.h">
      <Filter>Header Files\dlls</Filter>
    </ClInclude>
    <ClInclude Include="..\..\dlls\hrp_weapon_dynamite.h">
      <Filter>Header Files\dlls</Filter>
    </ClInclude>
    <ClInclude Include="..\..\dlls\hrp_weapon_gatling.h">
      <Filter>Header Files\dlls</Filter>
    </ClInclude>
    <ClInclude Include="..\..\dlls\hrp_weapon_henry.h">
      <Filter>Header Files\dlls</Filter>
    </ClInclude>
    <ClInclude Include="..\..\dlls\hrp_weapon_saber.h">
      <Filter>Header Files\dlls</Filter>
    </ClInclude>
    <ClInclude Include="..\..\dlls\hrp_weapon_shotgun.h">
      <Filter>Header Files\dlls</Filter>
    </ClInclude>
    <ClInclude Include="resource.h">
      <Filter>Header Files</Filter>
    </ClInclude>
  </ItemGroup>
  <ItemGroup>
    <ResourceCompile Include="hrp.rc">
      <Filter>Resource Files</Filter>
    </ResourceCompile>
  </ItemGroup>
</Project>